{
    "_meta": {
        "hash": {
            "sha256": "65e043efd39a505fd176f29319f6cbc127df13311d9f9c02276031d8e0eb0b38"
        },
        "pipfile-spec": 6,
        "requires": {
            "python_version": "3.6"
        },
        "sources": [
            {
                "name": "pypi",
                "url": "https://pypi.python.org/simple",
                "verify_ssl": true
            }
        ]
    },
    "default": {
        "async-generator": {
            "hashes": [
                "sha256:2f45541002a14f80fffc6d52788f92470ff0d9bfe81c434ea8cd60babe43de9e",
                "sha256:b7d5465c6174fe86dba498ececb175f93a6097ffb7cc91946405e1f05b848371"
            ],
            "version": "==1.9"
        },
        "attrs": {
            "hashes": [
                "sha256:1c7960ccfd6a005cd9f7ba884e6316b5e430a3f1a6c37c5f87d8b43f83b54ec9",
                "sha256:a17a9573a6f475c99b551c0e0a812707ddda1ec9653bed04c13841404ed6f450"
            ],
            "version": "==17.4.0"
        },
        "contextvars": {
            "hashes": [
                "sha256:e9f9c5763d5a2afa6e420218e53954bd3829fc2d8acd806b98139d28c362cdf9"
            ],
            "markers": "python_version < '3.7'",
            "version": "==2.1"
        },
        "curio": {
            "hashes": [
                "sha256:51d1a7b49b4f8dd1486ac785c72d522962e93ccfdcfc1f818f5c7553a307b5ef"
            ],
            "index": "pypi",
            "version": "==0.9"
        },
        "idna": {
            "hashes": [
                "sha256:2c6a5de3089009e3da7c5dde64a141dbc8551d5b7f6cf4ed7c2568d0cc520a8f",
                "sha256:8c7309c718f94b3a625cb648ace320157ad16ff131ae0af362c9f21b80ef6ec4"
            ],
            "version": "==2.6"
        },
        "sortedcontainers": {
            "hashes": [
                "sha256:566cf5f8dbada3aed99737a19d98f03d15d76bf2a6c27e4fb0f4a718a99be761",
                "sha256:fa96e9920a37bde76bfdcaca919a125c1d2e581af1137e25de54ee0da7835282"
            ],
            "version": "==1.5.10"
        },
        "tornado": {
            "hashes": [
                "sha256:1b83d5c10550f2653380b4c77331d6f8850f287c4f67d7ce1e1c639d9222fbc7",
                "sha256:408d129e9d13d3c55aa73f8084aa97d5f90ed84132e38d6932e63a67d5bec563",
                "sha256:88ce0282cce70df9045e515f578c78f1ebc35dcabe1d70f800c3583ebda7f5f5",
                "sha256:ba9fbb249ac5390bff8a1d6aa4b844fd400701069bda7d2e380dfe2217895101",
                "sha256:c050089173c2e9272244bccfb6a8615fb9e53b79420a5551acfa76094ecc3111"
            ],
            "index": "pypi",
            "version": "==5.0.2"
        },
        "trio": {
            "hashes": [
                "sha256:0496f575ed118eb382346a728971766d54b3a3e39e9825e94d4d513b0fe96145",
                "sha256:8266525067dc6553592383bef1832556e6962daba765fa42a81880c5d9f4b785",
                "sha256:fc5513551d22ec2be8bd05ddd56e9c3c377ac47c79a3866fa2d8710bfae4a0cb"
            ],
            "index": "pypi",
            "version": "==0.4.0"
        }
    },
    "develop": {}
}
